
Microsoft Visual Studio Solution File, Format Version 12.00
# Visual Studio 15
VisualStudioVersion = 15.0.26430.6
MinimumVisualStudioVersion = 10.0.40219.1
Project("{FAE04EC0-301F-11D3-BF4B-00C04F79EFBC}") = "CubicArtillery", "Exam01\CubicArtillery.csproj", "{6D9C435D-B2F1-4860-B7C9-CB61D9CD8A92}"
EndProject
Project("{FAE04EC0-301F-11D3-BF4B-00C04F79EFBC}") = "Second Nature", "CubicRube\Second Nature.csproj", "{571A734C-F187-4FAF-A082-3B03AF48F900}"
EndProject
Project("{FAE04EC0-301F-11D3-BF4B-00C04F79EFBC}") = "02Nature'sProphet", "02Nature'sProphet\02Nature'sProphet.csproj", "{E47E5A26-0B9B-4FA1-9DF5-700B1FE80F7E}"
EndProject
Project("{FAE04EC0-301F-11D3-BF4B-00C04F79EFBC}") = "NMS", "NMS\NMS.csproj", "{6B8AF960-2F78-419C-AAB9-B2B631D7CE7F}"
EndProject
Project("{FAE04EC0-301F-11D3-BF4B-00C04F79EFBC}") = "AshesOfRoses", "AshesOfRoses\AshesOfRoses.csproj", "{4A770CED-4BD0-48C8-A5C4-7416EDA67100}"
EndProject
Project("{2150E333-8FDC-42A3-9474-1A3956D46DE8}") = "13 June 2016", "13 June 2016", "{122298DC-FA4E-446D-885E-A690E1023F54}"
EndProject
Project("{FAE04EC0-301F-11D3-BF4B-00C04F79EFBC}") = "01JediMeditation", "01JediMeditation\01JediMeditation.csproj", "{1225D532-7F35-4A79-8502-7F8A78D30AFB}"
EndProject
Project("{FAE04EC0-301F-11D3-BF4B-00C04F79EFBC}") = "02JediGalaxy", "02JediGalaxy\02JediGalaxy.csproj", "{7AF09E58-705E-42D3-A0CE-CDB2AB3528ED}"
EndProject
Project("{FAE04EC0-301F-11D3-BF4B-00C04F79EFBC}") = "03JediCode-X", "03JediCode-X\03JediCode-X.csproj", "{4433DB75-7957-4F18-89A5-1A8DAB7CA341}"
EndProject
Project("{FAE04EC0-301F-11D3-BF4B-00C04F79EFBC}") = "04JediDreams", "04JediDreams\04JediDreams.csproj", "{84065FB1-7973-4D97-9C88-C7142787A146}"
EndProject
Project("{FAE04EC0-301F-11D3-BF4B-00C04F79EFBC}") = "CollectResources", "CollectResources\CollectResources.csproj", "{668560B2-E66A-44DB-AFA4-106668FCC778}"
EndProject
Project("{FAE04EC0-301F-11D3-BF4B-00C04F79EFBC}") = "Event", "Event\Event.csproj", "{C8E5326D-89F4-4B71-9B46-6BDE6BF7D749}"
EndProject
Project("{2150E333-8FDC-42A3-9474-1A3956D46DE8}") = "28 Feb 2016", "28 Feb 2016", "{BAE4E0AE-C21D-4878-BFA7-77B7EF04D598}"
EndProject
Project("{2150E333-8FDC-42A3-9474-1A3956D46DE8}") = "NewExam", "NewExam", "{6CB82689-A25A-454A-933A-1ACCA4187067}"
EndProject
Project("{FAE04EC0-301F-11D3-BF4B-00C04F79EFBC}") = "Brackets", "Brackets\Brackets.csproj", "{BA76B041-406E-4EC8-83A8-53AF41874AA0}"
EndProject
Project("{FAE04EC0-301F-11D3-BF4B-00C04F79EFBC}") = "TechShop", "TechShop\TechShop.csproj", "{56CEBD7E-BB03-48C9-8BD1-AEDE4CD45F41}"
EndProject
Project("{FAE04EC0-301F-11D3-BF4B-00C04F79EFBC}") = "SelectiveMemory", "SelectiveMemory\SelectiveMemory.csproj", "{CA164D99-7AEA-44EC-8177-E8F7D2667DFB}"
EndProject
Project("{FAE04EC0-301F-11D3-BF4B-00C04F79EFBC}") = "ChessValidator", "ChessValidator\ChessValidator.csproj", "{031189ED-3528-41CA-A55D-787097D8FCF7}"
EndProject
Project("{2150E333-8FDC-42A3-9474-1A3956D46DE8}") = "19June 2016", "19June 2016", "{B1B2CD89-F47C-4751-890A-CDF0CF3182C0}"
EndProject
Project("{FAE04EC0-301F-11D3-BF4B-00C04F79EFBC}") = "RubicCube", "RubicCube\RubicCube.csproj", "{75DE3B60-6B85-4E4A-A92F-05599E0C752E}"
EndProject
Project("{FAE04EC0-301F-11D3-BF4B-00C04F79EFBC}") = "CubicMessages", "CubicMessages\CubicMessages.csproj", "{2AB800CE-9A6A-4BB5-8AD6-B7771E17DDE2}"
EndProject
Project("{FAE04EC0-301F-11D3-BF4B-00C04F79EFBC}") = "CubicAssault", "CubicAssault\CubicAssault.csproj", "{EF6FBF24-9967-467B-AC42-2C60FFF3118E}"
EndProject
Project("{2150E333-8FDC-42A3-9474-1A3956D46DE8}") = "13 March 2016", "13 March 2016", "{B925A56A-BD10-44D7-B57F-B8D5D2AB4347}"
EndProject
Project("{FAE04EC0-301F-11D3-BF4B-00C04F79EFBC}") = "Champion League", "Champion League\Champion League.csproj", "{1C7F69BA-4279-415D-A56E-56C0D42C9A82}"
EndProject
Project("{2150E333-8FDC-42A3-9474-1A3956D46DE8}") = "22 August 2016", "22 August 2016", "{0E3D0F6F-9241-4C50-B2F0-09274BBBD763}"
EndProject
Global
	GlobalSection(SolutionConfigurationPlatforms) = preSolution
		Debug|Any CPU = Debug|Any CPU
		Release|Any CPU = Release|Any CPU
	EndGlobalSection
	GlobalSection(ProjectConfigurationPlatforms) = postSolution
		{6D9C435D-B2F1-4860-B7C9-CB61D9CD8A92}.Debug|Any CPU.ActiveCfg = Debug|Any CPU
		{6D9C435D-B2F1-4860-B7C9-CB61D9CD8A92}.Debug|Any CPU.Build.0 = Debug|Any CPU
		{6D9C435D-B2F1-4860-B7C9-CB61D9CD8A92}.Release|Any CPU.ActiveCfg = Release|Any CPU
		{6D9C435D-B2F1-4860-B7C9-CB61D9CD8A92}.Release|Any CPU.Build.0 = Release|Any CPU
		{571A734C-F187-4FAF-A082-3B03AF48F900}.Debug|Any CPU.ActiveCfg = Debug|Any CPU
		{571A734C-F187-4FAF-A082-3B03AF48F900}.Debug|Any CPU.Build.0 = Debug|Any CPU
		{571A734C-F187-4FAF-A082-3B03AF48F900}.Release|Any CPU.ActiveCfg = Release|Any CPU
		{571A734C-F187-4FAF-A082-3B03AF48F900}.Release|Any CPU.Build.0 = Release|Any CPU
		{E47E5A26-0B9B-4FA1-9DF5-700B1FE80F7E}.Debug|Any CPU.ActiveCfg = Debug|Any CPU
		{E47E5A26-0B9B-4FA1-9DF5-700B1FE80F7E}.Debug|Any CPU.Build.0 = Debug|Any CPU
		{E47E5A26-0B9B-4FA1-9DF5-700B1FE80F7E}.Release|Any CPU.ActiveCfg = Release|Any CPU
		{E47E5A26-0B9B-4FA1-9DF5-700B1FE80F7E}.Release|Any CPU.Build.0 = Release|Any CPU
		{6B8AF960-2F78-419C-AAB9-B2B631D7CE7F}.Debug|Any CPU.ActiveCfg = Debug|Any CPU
		{6B8AF960-2F78-419C-AAB9-B2B631D7CE7F}.Debug|Any CPU.Build.0 = Debug|Any CPU
		{6B8AF960-2F78-419C-AAB9-B2B631D7CE7F}.Release|Any CPU.ActiveCfg = Release|Any CPU
		{6B8AF960-2F78-419C-AAB9-B2B631D7CE7F}.Release|Any CPU.Build.0 = Release|Any CPU
		{4A770CED-4BD0-48C8-A5C4-7416EDA67100}.Debug|Any CPU.ActiveCfg = Debug|Any CPU
		{4A770CED-4BD0-48C8-A5C4-7416EDA67100}.Debug|Any CPU.Build.0 = Debug|Any CPU
		{4A770CED-4BD0-48C8-A5C4-7416EDA67100}.Release|Any CPU.ActiveCfg = Release|Any CPU
		{4A770CED-4BD0-48C8-A5C4-7416EDA67100}.Release|Any CPU.Build.0 = Release|Any CPU
		{1225D532-7F35-4A79-8502-7F8A78D30AFB}.Debug|Any CPU.ActiveCfg = Debug|Any CPU
		{1225D532-7F35-4A79-8502-7F8A78D30AFB}.Debug|Any CPU.Build.0 = Debug|Any CPU
		{1225D532-7F35-4A79-8502-7F8A78D30AFB}.Release|Any CPU.ActiveCfg = Release|Any CPU
		{1225D532-7F35-4A79-8502-7F8A78D30AFB}.Release|Any CPU.Build.0 = Release|Any CPU
		{7AF09E58-705E-42D3-A0CE-CDB2AB3528ED}.Debug|Any CPU.ActiveCfg = Debug|Any CPU
		{7AF09E58-705E-42D3-A0CE-CDB2AB3528ED}.Debug|Any CPU.Build.0 = Debug|Any CPU
		{7AF09E58-705E-42D3-A0CE-CDB2AB3528ED}.Release|Any CPU.ActiveCfg = Release|Any CPU
		{7AF09E58-705E-42D3-A0CE-CDB2AB3528ED}.Release|Any CPU.Build.0 = Release|Any CPU
		{4433DB75-7957-4F18-89A5-1A8DAB7CA341}.Debug|Any CPU.ActiveCfg = Debug|Any CPU
		{4433DB75-7957-4F18-89A5-1A8DAB7CA341}.Debug|Any CPU.Build.0 = Debug|Any CPU
		{4433DB75-7957-4F18-89A5-1A8DAB7CA341}.Release|Any CPU.ActiveCfg = Release|Any CPU
		{4433DB75-7957-4F18-89A5-1A8DAB7CA341}.Release|Any CPU.Build.0 = Release|Any CPU
		{84065FB1-7973-4D97-9C88-C7142787A146}.Debug|Any CPU.ActiveCfg = Debug|Any CPU
		{84065FB1-7973-4D97-9C88-C7142787A146}.Debug|Any CPU.Build.0 = Debug|Any CPU
		{84065FB1-7973-4D97-9C88-C7142787A146}.Release|Any CPU.ActiveCfg = Release|Any CPU
		{84065FB1-7973-4D97-9C88-C7142787A146}.Release|Any CPU.Build.0 = Release|Any CPU
		{668560B2-E66A-44DB-AFA4-106668FCC778}.Debug|Any CPU.ActiveCfg = Debug|Any CPU
		{668560B2-E66A-44DB-AFA4-106668FCC778}.Debug|Any CPU.Build.0 = Debug|Any CPU
		{668560B2-E66A-44DB-AFA4-106668FCC778}.Release|Any CPU.ActiveCfg = Release|Any CPU
		{668560B2-E66A-44DB-AFA4-106668FCC778}.Release|Any CPU.Build.0 = Release|Any CPU
		{C8E5326D-89F4-4B71-9B46-6BDE6BF7D749}.Debug|Any CPU.ActiveCfg = Debug|Any CPU
		{C8E5326D-89F4-4B71-9B46-6BDE6BF7D749}.Debug|Any CPU.Build.0 = Debug|Any CPU
		{C8E5326D-89F4-4B71-9B46-6BDE6BF7D749}.Release|Any CPU.ActiveCfg = Release|Any CPU
		{C8E5326D-89F4-4B71-9B46-6BDE6BF7D749}.Release|Any CPU.Build.0 = Release|Any CPU
		{BA76B041-406E-4EC8-83A8-53AF41874AA0}.Debug|Any CPU.ActiveCfg = Debug|Any CPU
		{BA76B041-406E-4EC8-83A8-53AF41874AA0}.Debug|Any CPU.Build.0 = Debug|Any CPU
		{BA76B041-406E-4EC8-83A8-53AF41874AA0}.Release|Any CPU.ActiveCfg = Release|Any CPU
		{BA76B041-406E-4EC8-83A8-53AF41874AA0}.Release|Any CPU.Build.0 = Release|Any CPU
		{56CEBD7E-BB03-48C9-8BD1-AEDE4CD45F41}.Debug|Any CPU.ActiveCfg = Debug|Any CPU
		{56CEBD7E-BB03-48C9-8BD1-AEDE4CD45F41}.Debug|Any CPU.Build.0 = Debug|Any CPU
		{56CEBD7E-BB03-48C9-8BD1-AEDE4CD45F41}.Release|Any CPU.ActiveCfg = Release|Any CPU
		{56CEBD7E-BB03-48C9-8BD1-AEDE4CD45F41}.Release|Any CPU.Build.0 = Release|Any CPU
		{CA164D99-7AEA-44EC-8177-E8F7D2667DFB}.Debug|Any CPU.ActiveCfg = Debug|Any CPU
		{CA164D99-7AEA-44EC-8177-E8F7D2667DFB}.Debug|Any CPU.Build.0 = Debug|Any CPU
		{CA164D99-7AEA-44EC-8177-E8F7D2667DFB}.Release|Any CPU.ActiveCfg = Release|Any CPU
		{CA164D99-7AEA-44EC-8177-E8F7D2667DFB}.Release|Any CPU.Build.0 = Release|Any CPU
		{031189ED-3528-41CA-A55D-787097D8FCF7}.Debug|Any CPU.ActiveCfg = Debug|Any CPU
		{031189ED-3528-41CA-A55D-787097D8FCF7}.Debug|Any CPU.Build.0 = Debug|Any CPU
		{031189ED-3528-41CA-A55D-787097D8FCF7}.Release|Any CPU.ActiveCfg = Release|Any CPU
		{031189ED-3528-41CA-A55D-787097D8FCF7}.Release|Any CPU.Build.0 = Release|Any CPU
		{75DE3B60-6B85-4E4A-A92F-05599E0C752E}.Debug|Any CPU.ActiveCfg = Debug|Any CPU
		{75DE3B60-6B85-4E4A-A92F-05599E0C752E}.Debug|Any CPU.Build.0 = Debug|Any CPU
		{75DE3B60-6B85-4E4A-A92F-05599E0C752E}.Release|Any CPU.ActiveCfg = Release|Any CPU
		{75DE3B60-6B85-4E4A-A92F-05599E0C752E}.Release|Any CPU.Build.0 = Release|Any CPU
		{2AB800CE-9A6A-4BB5-8AD6-B7771E17DDE2}.Debug|Any CPU.ActiveCfg = Debug|Any CPU
		{2AB800CE-9A6A-4BB5-8AD6-B7771E17DDE2}.Debug|Any CPU.Build.0 = Debug|Any CPU
		{2AB800CE-9A6A-4BB5-8AD6-B7771E17DDE2}.Release|Any CPU.ActiveCfg = Release|Any CPU
		{2AB800CE-9A6A-4BB5-8AD6-B7771E17DDE2}.Release|Any CPU.Build.0 = Release|Any CPU
		{EF6FBF24-9967-467B-AC42-2C60FFF3118E}.Debug|Any CPU.ActiveCfg = Debug|Any CPU
		{EF6FBF24-9967-467B-AC42-2C60FFF3118E}.Debug|Any CPU.Build.0 = Debug|Any CPU
		{EF6FBF24-9967-467B-AC42-2C60FFF3118E}.Release|Any CPU.ActiveCfg = Release|Any CPU
		{EF6FBF24-9967-467B-AC42-2C60FFF3118E}.Release|Any CPU.Build.0 = Release|Any CPU
		{1C7F69BA-4279-415D-A56E-56C0D42C9A82}.Debug|Any CPU.ActiveCfg = Debug|Any CPU
		{1C7F69BA-4279-415D-A56E-56C0D42C9A82}.Debug|Any CPU.Build.0 = Debug|Any CPU
		{1C7F69BA-4279-415D-A56E-56C0D42C9A82}.Release|Any CPU.ActiveCfg = Release|Any CPU
		{1C7F69BA-4279-415D-A56E-56C0D42C9A82}.Release|Any CPU.Build.0 = Release|Any CPU
	EndGlobalSection
	GlobalSection(SolutionProperties) = preSolution
		HideSolutionNode = FALSE
	EndGlobalSection
	GlobalSection(NestedProjects) = preSolution
		{6D9C435D-B2F1-4860-B7C9-CB61D9CD8A92} = {B1B2CD89-F47C-4751-890A-CDF0CF3182C0}
		{571A734C-F187-4FAF-A082-3B03AF48F900} = {0E3D0F6F-9241-4C50-B2F0-09274BBBD763}
		{E47E5A26-0B9B-4FA1-9DF5-700B1FE80F7E} = {0E3D0F6F-9241-4C50-B2F0-09274BBBD763}
		{1225D532-7F35-4A79-8502-7F8A78D30AFB} = {122298DC-FA4E-446D-885E-A690E1023F54}
		{7AF09E58-705E-42D3-A0CE-CDB2AB3528ED} = {122298DC-FA4E-446D-885E-A690E1023F54}
		{4433DB75-7957-4F18-89A5-1A8DAB7CA341} = {122298DC-FA4E-446D-885E-A690E1023F54}
		{84065FB1-7973-4D97-9C88-C7142787A146} = {122298DC-FA4E-446D-885E-A690E1023F54}
		{668560B2-E66A-44DB-AFA4-106668FCC778} = {BAE4E0AE-C21D-4878-BFA7-77B7EF04D598}
		{C8E5326D-89F4-4B71-9B46-6BDE6BF7D749} = {BAE4E0AE-C21D-4878-BFA7-77B7EF04D598}
		{BA76B041-406E-4EC8-83A8-53AF41874AA0} = {6CB82689-A25A-454A-933A-1ACCA4187067}
		{56CEBD7E-BB03-48C9-8BD1-AEDE4CD45F41} = {6CB82689-A25A-454A-933A-1ACCA4187067}
		{CA164D99-7AEA-44EC-8177-E8F7D2667DFB} = {6CB82689-A25A-454A-933A-1ACCA4187067}
		{031189ED-3528-41CA-A55D-787097D8FCF7} = {6CB82689-A25A-454A-933A-1ACCA4187067}
		{75DE3B60-6B85-4E4A-A92F-05599E0C752E} = {B1B2CD89-F47C-4751-890A-CDF0CF3182C0}
		{2AB800CE-9A6A-4BB5-8AD6-B7771E17DDE2} = {B1B2CD89-F47C-4751-890A-CDF0CF3182C0}
		{EF6FBF24-9967-467B-AC42-2C60FFF3118E} = {B1B2CD89-F47C-4751-890A-CDF0CF3182C0}
		{1C7F69BA-4279-415D-A56E-56C0D42C9A82} = {B925A56A-BD10-44D7-B57F-B8D5D2AB4347}
	EndGlobalSection
EndGlobal
